Microsoft Visual Studio Solution File, Format Version 12.00
# Visual Studio Version 17
VisualStudioVersion = 17.5.2.0
MinimumVisualStudioVersion = 10.0.40219.1
Project("{FAE04EC0-301F-11D3-BF4B-00C04F79EFBC}") = "KanaLearning", "KanaLearning.csproj", "{45BED310-9A84-90CE-5A25-3A933B7584C8}"
EndProject
Global
	GlobalSection(SolutionConfigurationPlatforms) = preSolution
		Debug|Any CPU = Debug|Any CPU
		Release|Any CPU = Release|Any CPU
	EndGlobalSection
	GlobalSection(ProjectConfigurationPlatforms) = postSolution
		{45BED310-9A84-90CE-5A25-3A933B7584C8}.Debug|Any CPU.ActiveCfg = Debug|Any CPU
		{45BED310-9A84-90CE-5A25-3A933B7584C8}.Debug|Any CPU.Build.0 = Debug|Any CPU
		{45BED310-9A84-90CE-5A25-3A933B7584C8}.Release|Any CPU.ActiveCfg = Release|Any CPU
		{45BED310-9A84-90CE-5A25-3A933B7584C8}.Release|Any CPU.Build.0 = Release|Any CPU
	EndGlobalSection
	GlobalSection(SolutionProperties) = preSolution
		HideSolutionNode = FALSE
	EndGlobalSection
	GlobalSection(ExtensibilityGlobals) = postSolution
		SolutionGuid = {315F6602-7C30-4080-83BC-224D376B89CF}
	EndGlobalSection
EndGlobal
